// !$*UTF8*$!
{
	archiveVersion = 1;
	classes = {
	};
	objectVersion = 55;
	objects = {

/* Begin PBXBuildFile section */
		38275E582A12A755006AADEC /* AppDelegate.swift in Sources */ = {isa = PBXBuildFile; fileRef = 38275E572A12A755006AADEC /* AppDelegate.swift */; };
		38275E5A2A12A755006AADEC /* SceneDelegate.swift in Sources */ = {isa = PBXBuildFile; fileRef = 38275E592A12A755006AADEC /* SceneDelegate.swift */; };
		38275E5C2A12A755006AADEC /* ViewController.swift in Sources */ = {isa = PBXBuildFile; fileRef = 38275E5B2A12A755006AADEC /* ViewController.swift */; };
		38275E5F2A12A755006AADEC /* Main.storyboard in Resources */ = {isa = PBXBuildFile; fileRef = 38275E5D2A12A755006AADEC /* Main.storyboard */; };
		38275E612A12A757006AADEC /* Assets.xcassets in Resources */ = {isa = PBXBuildFile; fileRef = 38275E602A12A757006AADEC /* Assets.xcassets */; };
		38275E642A12A757006AADEC /* LaunchScreen.storyboard in Resources */ = {isa = PBXBuildFile; fileRef = 38275E622A12A757006AADEC /* LaunchScreen.storyboard */; };
		38275E6E2A12A855006AADEC /* SpaceServices.swift in Sources */ = {isa = PBXBuildFile; fileRef = 38275E6D2A12A855006AADEC /* SpaceServices.swift */; };
		38275E712A12A865006AADEC /* Response.swift in Sources */ = {isa = PBXBuildFile; fileRef = 38275E702A12A865006AADEC /* Response.swift */; };
		38275E732A12AC37006AADEC /* HomeViewController.swift in Sources */ = {isa = PBXBuildFile; fileRef = 38275E722A12AC37006AADEC /* HomeViewController.swift */; };
		38275E752A12AC5F006AADEC /* NewsViewCell.swift in Sources */ = {isa = PBXBuildFile; fileRef = 38275E742A12AC5F006AADEC /* NewsViewCell.swift */; };
		D84D0E1747AC4C1647B1C090 /* Pods_SpaceFlightNews.framework in Frameworks */ = {isa = PBXBuildFile; fileRef = CD35368F4BFDA4103638988C /* Pods_SpaceFlightNews.framework */; };
/* End PBXBuildFile section */

/* Begin PBXFileReference section */
		38275E542A12A755006AADEC /* SpaceFlightNews.app */ = {isa = PBXFileReference; explicitFileType = wrapper.application; includeInIndex = 0; path = SpaceFlightNews.app; sourceTree = BUILT_PRODUCTS_DIR; };
		38275E572A12A755006AADEC /* AppDelegate.swift */ = {isa = PBXFileReference; lastKnownFileType = sourcecode.swift; path = AppDelegate.swift; sourceTree = "<group>"; };
		38275E592A12A755006AADEC /* SceneDelegate.swift */ = {isa = PBXFileReference; lastKnownFileType = sourcecode.swift; path = SceneDelegate.swift; sourceTree = "<group>"; };
		38275E5B2A12A755006AADEC /* ViewController.swift */ = {isa = PBXFileReference; lastKnownFileType = sourcecode.swift; path = ViewController.swift; sourceTree = "<group>"; };
		38275E5E2A12A755006AADEC /* Base */ = {isa = PBXFileReference; lastKnownFileType = file.storyboard; name = Base; path = Base.lproj/Main.storyboard; sourceTree = "<group>"; };
		38275E602A12A757006AADEC /* Assets.xcassets */ = {isa = PBXFileReference; lastKnownFileType = folder.assetcatalog; path = Assets.xcassets; sourceTree = "<group>"; };
		38275E632A12A757006AADEC /* Base */ = {isa = PBXFileReference; lastKnownFileType = file.storyboard; name = Base; path = Base.lproj/LaunchScreen.storyboard; sourceTree = "<group>"; };
		38275E652A12A757006AADEC /* Info.plist */ = {isa = PBXFileReference; lastKnownFileType = text.plist.xml; path = Info.plist; sourceTree = "<group>"; };
		38275E6D2A12A855006AADEC /* SpaceServices.swift */ = {isa = PBXFileReference; lastKnownFileType = sourcecode.swift; path = SpaceServices.swift; sourceTree = "<group>"; };
		38275E702A12A865006AADEC /* Response.swift */ = {isa = PBXFileReference; lastKnownFileType = sourcecode.swift; path = Response.swift; sourceTree = "<group>"; };
		38275E722A12AC37006AADEC /* HomeViewController.swift */ = {isa = PBXFileReference; lastKnownFileType = sourcecode.swift; path = HomeViewController.swift; sourceTree = "<group>"; };
		38275E742A12AC5F006AADEC /* NewsViewCell.swift */ = {isa = PBXFileReference; lastKnownFileType = sourcecode.swift; path = NewsViewCell.swift; sourceTree = "<group>"; };
		69F0C7CD4AF46F29434E6C00 /* Pods-SpaceFlightNews.release.xcconfig */ = {isa = PBXFileReference; includeInIndex = 1; lastKnownFileType = text.xcconfig; name = "Pods-SpaceFlightNews.release.xcconfig"; path = "Target Support Files/Pods-SpaceFlightNews/Pods-SpaceFlightNews.release.xcconfig"; sourceTree = "<group>"; };
		CD35368F4BFDA4103638988C /* Pods_SpaceFlightNews.framework */ = {isa = PBXFileReference; explicitFileType = wrapper.framework; includeInIndex = 0; path = Pods_SpaceFlightNews.framework; sourceTree = BUILT_PRODUCTS_DIR; };
		FD26078BD97EF7BBD4A4B036 /* Pods-SpaceFlightNews.debug.xcconfig */ = {isa = PBXFileReference; includeInIndex = 1; lastKnownFileType = text.xcconfig; name = "Pods-SpaceFlightNews.debug.xcconfig"; path = "Target Support Files/Pods-SpaceFlightNews/Pods-SpaceFlightNews.debug.xcconfig"; sourceTree = "<group>"; };
/* End PBXFileReference section */

/* Begin PBXFrameworksBuildPhase section */
		38275E512A12A755006AADEC /* Frameworks */ = {
			isa = PBXFrameworksBuildPhase;
			buildActionMask = 2147483647;
			files = (
				D84D0E1747AC4C1647B1C090 /* Pods_SpaceFlightNews.framework in Frameworks */,
			);
			runOnlyForDeploymentPostprocessing = 0;
		};
/* End PBXFrameworksBuildPhase section */

/* Begin PBXGroup section */
		0A4258DCECE8899556901304 /* Pods */ = {
			isa = PBXGroup;
			children = (
				FD26078BD97EF7BBD4A4B036 /* Pods-SpaceFlightNews.debug.xcconfig */,
				69F0C7CD4AF46F29434E6C00 /* Pods-SpaceFlightNews.release.xcconfig */,
			);
			path = Pods;
			sourceTree = "<group>";
		};
		38275E4B2A12A755006AADEC = {
			isa = PBXGroup;
			children = (
				38275E562A12A755006AADEC /* SpaceFlightNews */,
				38275E552A12A755006AADEC /* Products */,
				0A4258DCECE8899556901304 /* Pods */,
				D55A2FB391BA756D270D781D /* Frameworks */,
			);
			sourceTree = "<group>";
		};
		38275E552A12A755006AADEC /* Products */ = {
			isa = PBXGroup;
			children = (
				38275E542A12A755006AADEC /* SpaceFlightNews.app */,
			);
			name = Products;
			sourceTree = "<group>";
		};
		38275E562A12A755006AADEC /* SpaceFlightNews */ = {
			isa = PBXGroup;
			children = (
				38275E6F2A12A85A006AADEC /* Models */,
				38275E6C2A12A83F006AADEC /* Controllers */,
				38275E6B2A12A83A006AADEC /* Services */,
				38275E572A12A755006AADEC /* AppDelegate.swift */,
				38275E592A12A755006AADEC /* SceneDelegate.swift */,
				38275E5B2A12A755006AADEC /* ViewController.swift */,
				38275E5D2A12A755006AADEC /* Main.storyboard */,
				38275E602A12A757006AADEC /* Assets.xcassets */,
				38275E622A12A757006AADEC /* LaunchScreen.storyboard */,
				38275E652A12A757006AADEC /* Info.plist */,
			);
			path = SpaceFlightNews;
			sourceTree = "<group>";
		};
		38275E6B2A12A83A006AADEC /* Services */ = {
			isa = PBXGroup;
			children = (
				38275E6D2A12A855006AADEC /* SpaceServices.swift */,
			);
			path = Services;
			sourceTree = "<group>";
		};
		38275E6C2A12A83F006AADEC /* Controllers */ = {
			isa = PBXGroup;
			children = (
				38275E722A12AC37006AADEC /* HomeViewController.swift */,
				38275E742A12AC5F006AADEC /* NewsViewCell.swift */,
			);
			path = Controllers;
			sourceTree = "<group>";
		};
		38275E6F2A12A85A006AADEC /* Models */ = {
			isa = PBXGroup;
			children = (
				38275E702A12A865006AADEC /* Response.swift */,
			);
			path = Models;
			sourceTree = "<group>";
		};
		D55A2FB391BA756D270D781D /* Frameworks */ = {
			isa = PBXGroup;
			children = (
				CD35368F4BFDA4103638988C /* Pods_SpaceFlightNews.framework */,
			);
			name = Frameworks;
			sourceTree = "<group>";
		};
/* End PBXGroup section */

/* Begin PBXNativeTarget section */
		38275E532A12A755006AADEC /* SpaceFlightNews */ = {
			isa = PBXNativeTarget;
			buildConfigurationList = 38275E682A12A757006AADEC /* Build configuration list for PBXNativeTarget "SpaceFlightNews" */;
			buildPhases = (
				D3F4DC096A772D83B46A7CB2 /* [CP] Check Pods Manifest.lock */,
				38275E502A12A755006AADEC /* Sources */,
				38275E512A12A755006AADEC /* Frameworks */,
				38275E522A12A755006AADEC /* Resources */,
				EECD646F60E2E0CF5316563E /* [CP] Embed Pods Frameworks */,
			);
			buildRules = (
			);
			dependencies = (
			);
			name = SpaceFlightNews;
			productName = SpaceFlightNews;
			productReference = 38275E542A12A755006AADEC /* SpaceFlightNews.app */;
			productType = "com.apple.product-type.application";
		};
/* End PBXNativeTarget section */

/* Begin PBXProject section */
		38275E4C2A12A755006AADEC /* Project object */ = {
			isa = PBXProject;
			attributes = {
				BuildIndependentTargetsInParallel = 1;
				LastSwiftUpdateCheck = 1320;
				LastUpgradeCheck = 1320;
				TargetAttributes = {
					38275E532A12A755006AADEC = {
						CreatedOnToolsVersion = 13.2;
					};
				};
			};
			buildConfigurationList = 38275E4F2A12A755006AADEC /* Build configuration list for PBXProject "SpaceFlightNews" */;
			compatibilityVersion = "Xcode 13.0";
			developmentRegion = en;
			hasScannedForEncodings = 0;
			knownRegions = (
				en,
				Base,
			);
			mainGroup = 38275E4B2A12A755006AADEC;
			productRefGroup = 38275E552A12A755006AADEC /* Products */;
			projectDirPath = "";
			projectRoot = "";
			targets = (
				38275E532A12A755006AADEC /* SpaceFlightNews */,
			);
		};
/* End PBXProject section */

/* Begin PBXResourcesBuildPhase section */
		38275E522A12A755006AADEC /* Resources */ = {
			isa = PBXResourcesBuildPhase;
			buildActionMask = 2147483647;
			files = (
				38275E642A12A757006AADEC /* LaunchScreen.storyboard in Resources */,
				38275E612A12A757006AADEC /* Assets.xcassets in Resources */,
				38275E5F2A12A755006AADEC /* Main.storyboard in Resources */,
			);
			runOnlyForDeploymentPostprocessing = 0;
		};
/* End PBXResourcesBuildPhase section */

/* Begin PBXShellScriptBuildPhase section */
		D3F4DC096A772D83B46A7CB2 /* [CP] Check Pods Manifest.lock */ = {
			isa = PBXShellScriptBuildPhase;
			buildActionMask = 2147483647;
			files = (
			);
			inputFileListPaths = (
			);
			inputPaths = (
				"${PODS_PODFILE_DIR_PATH}/Podfile.lock",
				"${PODS_ROOT}/Manifest.lock",
			);
			name = "[CP] Check Pods Manifest.lock";
			outputFileListPaths = (
			);
			outputPaths = (
				"$(DERIVED_FILE_DIR)/Pods-SpaceFlightNews-checkManifestLockResult.txt",
			);
			runOnlyForDeploymentPostprocessing = 0;
			shellPath = /bin/sh;
			shellScript = "diff \"${PODS_PODFILE_DIR_PATH}/Podfile.lock\" \"${PODS_ROOT}/Manifest.lock\" > /dev/null\nif [ $? != 0 ] ; then\n    # print error to STDERR\n    echo \"error: The sandbox is not in sync with the Podfile.lock. Run 'pod install' or update your CocoaPods installation.\" >&2\n    exit 1\nfi\n# This output is used by Xcode 'outputs' to avoid re-running this script phase.\necho \"SUCCESS\" > \"${SCRIPT_OUTPUT_FILE_0}\"\n";
			showEnvVarsInLog = 0;
		};
		EECD646F60E2E0CF5316563E /* [CP] Embed Pods Frameworks */ = {
			isa = PBXShellScriptBuildPhase;
			buildActionMask = 2147483647;
			files = (
			);
			inputFileListPaths = (
				"${PODS_ROOT}/Target Support Files/Pods-SpaceFlightNews/Pods-SpaceFlightNews-frameworks-${CONFIGURATION}-input-files.xcfilelist",
			);
			name = "[CP] Embed Pods Frameworks";
			outputFileListPaths = (
				"${PODS_ROOT}/Target Support Files/Pods-SpaceFlightNews/Pods-SpaceFlightNews-frameworks-${CONFIGURATION}-output-files.xcfilelist",
			);
			runOnlyForDeploymentPostprocessing = 0;
			shellPath = /bin/sh;
			shellScript = "\"${PODS_ROOT}/Target Support Files/Pods-SpaceFlightNews/Pods-SpaceFlightNews-frameworks.sh\"\n";
			showEnvVarsInLog = 0;
		};
/* End PBXShellScriptBuildPhase section */

/* Begin PBXSourcesBuildPhase section */
		38275E502A12A755006AADEC /* Sources */ = {
			isa = PBXSourcesBuildPhase;
			buildActionMask = 2147483647;
			files = (
				38275E5C2A12A755006AADEC /* ViewController.swift in Sources */,
				38275E582A12A755006AADEC /* AppDelegate.swift in Sources */,
				38275E6E2A12A855006AADEC /* SpaceServices.swift in Sources */,
				38275E5A2A12A755006AADEC /* SceneDelegate.swift in Sources */,
				38275E752A12AC5F006AADEC /* NewsViewCell.swift in Sources */,
				38275E712A12A865006AADEC /* Response.swift in Sources */,
				38275E732A12AC37006AADEC /* HomeViewController.swift in Sources */,
			);
			runOnlyForDeploymentPostprocessing = 0;
		};
/* End PBXSourcesBuildPhase section */

/* Begin PBXVariantGroup section */
		38275E5D2A12A755006AADEC /* Main.storyboard */ = {
			isa = PBXVariantGroup;
			children = (
				38275E5E2A12A755006AADEC /* Base */,
			);
			name = Main.storyboard;
			sourceTree = "<group>";
		};
		38275E622A12A757006AADEC /* LaunchScreen.storyboard */ = {
			isa = PBXVariantGroup;
			children = (
				38275E632A12A757006AADEC /* Base */,
			);
			name = LaunchScreen.storyboard;
			sourceTree = "<group>";
		};
/* End PBXVariantGroup section */

/* Begin XCBuildConfiguration section */
		38275E662A12A757006AADEC /* Debug */ = {
			isa = XCBuildConfiguration;
			buildSettings = {
				ALWAYS_SEARCH_USER_PATHS = NO;
				CLANG_ANALYZER_NONNULL = YES;
				CLANG_ANALYZER_NUMBER_OBJECT_CONVERSION = YES_AGGRESSIVE;
				CLANG_CXX_LANGUAGE_STANDARD = "gnu++17";
				CLANG_CXX_LIBRARY = "libc++";
				CLANG_ENABLE_MODULES = YES;
				CLANG_ENABLE_OBJC_ARC = YES;
				CLANG_ENABLE_OBJC_WEAK = YES;
				CLANG_WARN_BLOCK_CAPTURE_AUTORELEASING = YES;
				CLANG_WARN_BOOL_CONVERSION = YES;
				CLANG_WARN_COMMA = YES;
				CLANG_WARN_CONSTANT_CONVERSION = YES;
				CLANG_WARN_DEPRECATED_OBJC_IMPLEMENTATIONS = YES;
				CLANG_WARN_DIRECT_OBJC_ISA_USAGE = YES_ERROR;
				CLANG_WARN_DOCUMENTATION_COMMENTS = YES;
				CLANG_WARN_EMPTY_BODY = YES;
				CLANG_WARN_ENUM_CONVERSION = YES;
				CLANG_WARN_INFINITE_RECURSION = YES;
				CLANG_WARN_INT_CONVERSION = YES;
				CLANG_WARN_NON_LITERAL_NULL_CONVERSION = YES;
				CLANG_WARN_OBJC_IMPLICIT_RETAIN_SELF = YES;
				CLANG_WARN_OBJC_LITERAL_CONVERSION = YES;
				CLANG_WARN_OBJC_ROOT_CLASS = YES_ERROR;
				CLANG_WARN_QUOTED_INCLUDE_IN_FRAMEWORK_HEADER = YES;
				CLANG_WARN_RANGE_LOOP_ANALYSIS = YES;
				CLANG_WARN_STRICT_PROTOTYPES = YES;
				CLANG_WARN_SUSPICIOUS_MOVE = YES;
				CLANG_WARN_UNGUARDED_AVAILABILITY = YES_AGGRESSIVE;
				CLANG_WARN_UNREACHABLE_CODE = YES;
				CLANG_WARN__DUPLICATE_METHOD_MATCH = YES;
				COPY_PHASE_STRIP = NO;
				DEBUG_INFORMATION_FORMAT = dwarf;
				ENABLE_STRICT_OBJC_MSGSEND = YES;
				ENABLE_TESTABILITY = YES;
				GCC_C_LANGUAGE_STANDARD = gnu11;
				GCC_DYNAMIC_NO_PIC = NO;
				GCC_NO_COMMON_BLOCKS = YES;
				GCC_OPTIMIZATION_LEVEL = 0;
				GCC_PREPROCESSOR_DEFINITIONS = (
					"DEBUG=1",
					"$(inherited)",
				);
				GCC_WARN_64_TO_32_BIT_CONVERSION = YES;
				GCC_WARN_ABOUT_RETURN_TYPE = YES_ERROR;
				GCC_WARN_UNDECLARED_SELECTOR = YES;
				GCC_WARN_UNINITIALIZED_AUTOS = YES_AGGRESSIVE;
				GCC_WARN_UNUSED_FUNCTION = YES;
				GCC_WARN_UNUSED_VARIABLE = YES;
				IPHONEOS_DEPLOYMENT_TARGET = 13.0;
				MTL_ENABLE_DEBUG_INFO = INCLUDE_SOURCE;
				MTL_FAST_MATH = YES;
				ONLY_ACTIVE_ARCH = YES;
				SDKROOT = iphoneos;
				SWIFT_ACTIVE_COMPILATION_CONDITIONS = DEBUG;
				SWIFT_OPTIMIZATION_LEVEL = "-Onone";
			};
			name = Debug;
		};
		38275E672A12A757006AADEC /* Release */ = {
			isa = XCBuildConfiguration;
			buildSettings = {
				ALWAYS_SEARCH_USER_PATHS = NO;
				CLANG_ANALYZER_NONNULL = YES;
				CLANG_ANALYZER_NUMBER_OBJECT_CONVERSION = YES_AGGRESSIVE;
				CLANG_CXX_LANGUAGE_STANDARD = "gnu++17";
				CLANG_CXX_LIBRARY = "libc++";
				CLANG_ENABLE_MODULES = YES;
				CLANG_ENABLE_OBJC_ARC = YES;
				CLANG_ENABLE_OBJC_WEAK = YES;
				CLANG_WARN_BLOCK_CAPTURE_AUTORELEASING = YES;
				CLANG_WARN_BOOL_CONVERSION = YES;
				CLANG_WARN_COMMA = YES;
				CLANG_WARN_CONSTANT_CONVERSION = YES;
				CLANG_WARN_DEPRECATED_OBJC_IMPLEMENTATIONS = YES;
				CLANG_WARN_DIRECT_OBJC_ISA_USAGE = YES_ERROR;
				CLANG_WARN_DOCUMENTATION_COMMENTS = YES;
				CLANG_WARN_EMPTY_BODY = YES;
				CLANG_WARN_ENUM_CONVERSION = YES;
				CLANG_WARN_INFINITE_RECURSION = YES;
				CLANG_WARN_INT_CONVERSION = YES;
				CLANG_WARN_NON_LITERAL_NULL_CONVERSION = YES;
				CLANG_WARN_OBJC_IMPLICIT_RETAIN_SELF = YES;
				CLANG_WARN_OBJC_LITERAL_CONVERSION = YES;
				CLANG_WARN_OBJC_ROOT_CLASS = YES_ERROR;
				CLANG_WARN_QUOTED_INCLUDE_IN_FRAMEWORK_HEADER = YES;
				CLANG_WARN_RANGE_LOOP_ANALYSIS = YES;
				CLANG_WARN_STRICT_PROTOTYPES = YES;
				CLANG_WARN_SUSPICIOUS_MOVE = YES;
				CLANG_WARN_UNGUARDED_AVAILABILITY = YES_AGGRESSIVE;
				CLANG_WARN_UNREACHABLE_CODE = YES;
				CLANG_WARN__DUPLICATE_METHOD_MATCH = YES;
				COPY_PHASE_STRIP = NO;
				DEBUG_INFORMATION_FORMAT = "dwarf-with-dsym";
				ENABLE_NS_ASSERTIONS = NO;
				ENABLE_STRICT_OBJC_MSGSEND = YES;
				GCC_C_LANGUAGE_STANDARD = gnu11;
				GCC_NO_COMMON_BLOCKS = YES;
				GCC_WARN_64_TO_32_BIT_CONVERSION = YES;
				GCC_WARN_ABOUT_RETURN_TYPE = YES_ERROR;
				GCC_WARN_UNDECLARED_SELECTOR = YES;
				GCC_WARN_UNINITIALIZED_AUTOS = YES_AGGRESSIVE;
				GCC_WARN_UNUSED_FUNCTION = YES;
				GCC_WARN_UNUSED_VARIABLE = YES;
				IPHONEOS_DEPLOYMENT_TARGET = 13.0;
				MTL_ENABLE_DEBUG_INFO = NO;
				MTL_FAST_MATH = YES;
				SDKROOT = iphoneos;
				SWIFT_COMPILATION_MODE = wholemodule;
				SWIFT_OPTIMIZATION_LEVEL = "-O";
				VALIDATE_PRODUCT = YES;
			};
			name = Release;
		};
		38275E692A12A757006AADEC /* Debug */ = {
			isa = XCBuildConfiguration;
			baseConfigurationReference = FD26078BD97EF7BBD4A4B036 /* Pods-SpaceFlightNews.debug.xcconfig */;
			buildSettings = {
				ASSETCATALOG_COMPILER_APPICON_NAME = AppIcon;
				ASSETCATALOG_COMPILER_GLOBAL_ACCENT_COLOR_NAME = AccentColor;
				CODE_SIGN_STYLE = Automatic;
				CURRENT_PROJECT_VERSION = 1;
				GENERATE_INFOPLIST_FILE = YES;
				INFOPLIST_FILE = SpaceFlightNews/Info.plist;
				INFOPLIST_KEY_UIApplicationSupportsIndirectInputEvents = YES;
				INFOPLIST_KEY_UILaunchStoryboardName = LaunchScreen;
				INFOPLIST_KEY_UIMainStoryboardFile = Main;
				INFOPLIST_KEY_UISupportedInterfaceOrientations_iPad = "UIInterfaceOrientationPortrait UIInterfaceOrientationPortraitUpsideDown UIInterfaceOrientationLandscapeLeft UIInterfaceOrientationLandscapeRight";
				INFOPLIST_KEY_UISupportedInterfaceOrientations_iPhone = "UIInterfaceOrientationPortrait UIInterfaceOrientationLandscapeLeft UIInterfaceOrientationLandscapeRight";
				LD_RUNPATH_SEARCH_PATHS = (
					"$(inherited)",
					"@executable_path/Frameworks",
				);
				MARKETING_VERSION = 1.0;
				PRODUCT_BUNDLE_IDENTIFIER = com.anggifergian.SpaceFlightNews;
				PRODUCT_NAME = "$(TARGET_NAME)";
				SWIFT_EMIT_LOC_STRINGS = YES;
				SWIFT_VERSION = 5.0;
				TARGETED_DEVICE_FAMILY = 1;
			};
			name = Debug;
		};
		38275E6A2A12A757006AADEC /* Release */ = {
			isa = XCBuildConfiguration;
			baseConfigurationReference = 69F0C7CD4AF46F29434E6C00 /* Pods-SpaceFlightNews.release.xcconfig */;
			buildSettings = {
				ASSETCATALOG_COMPILER_APPICON_NAME = AppIcon;
				ASSETCATALOG_COMPILER_GLOBAL_ACCENT_COLOR_NAME = AccentColor;
				CODE_SIGN_STYLE = Automatic;
				CURRENT_PROJECT_VERSION = 1;
				GENERATE_INFOPLIST_FILE = YES;
				INFOPLIST_FILE = SpaceFlightNews/Info.plist;
				INFOPLIST_KEY_UIApplicationSupportsIndirectInputEvents = YES;
				INFOPLIST_KEY_UILaunchStoryboardName = LaunchScreen;
				INFOPLIST_KEY_UIMainStoryboardFile = Main;
				INFOPLIST_KEY_UISupportedInterfaceOrientations_iPad = "UIInterfaceOrientationPortrait UIInterfaceOrientationPortraitUpsideDown UIInterfaceOrientationLandscapeLeft UIInterfaceOrientationLandscapeRight";
				INFOPLIST_KEY_UISupportedInterfaceOrientations_iPhone = "UIInterfaceOrientationPortrait UIInterfaceOrientationLandscapeLeft UIInterfaceOrientationLandscapeRight";
				LD_RUNPATH_SEARCH_PATHS = (
					"$(inherited)",
					"@executable_path/Frameworks",
				);
				MARKETING_VERSION = 1.0;
				PRODUCT_BUNDLE_IDENTIFIER = com.anggifergian.SpaceFlightNews;
				PRODUCT_NAME = "$(TARGET_NAME)";
				SWIFT_EMIT_LOC_STRINGS = YES;
				SWIFT_VERSION = 5.0;
				TARGETED_DEVICE_FAMILY = 1;
			};
			name = Release;
		};
/* End XCBuildConfiguration section */

/* Begin XCConfigurationList section */
		38275E4F2A12A755006AADEC /* Build configuration list for PBXProject "SpaceFlightNews" */ = {
			isa = XCConfigurationList;
			buildConfigurations = (
				38275E662A12A757006AADEC /* Debug */,
				38275E672A12A757006AADEC /* Release */,
			);
			defaultConfigurationIsVisible = 0;
			defaultConfigurationName = Release;
		};
		38275E682A12A757006AADEC /* Build configuration list for PBXNativeTarget "SpaceFlightNews" */ = {
			isa = XCConfigurationList;
			buildConfigurations = (
				38275E692A12A757006AADEC /* Debug */,
				38275E6A2A12A757006AADEC /* Release */,
			);
			defaultConfigurationIsVisible = 0;
			defaultConfigurationName = Release;
		};
/* End XCConfigurationList section */
	};
	rootObject = 38275E4C2A12A755006AADEC /* Project object */;
}
